// !$*UTF8*$!
{
	archiveVersion = 1;
	classes = {
	};
	objectVersion = 46;
	objects = {

/* Begin PBXBuildFile section */
		2BF9B0DC1A35066200414665 /* AppDelegate.swift in Sources */ = {isa = PBXBuildFile; fileRef = 2BF9B0DB1A35066200414665 /* AppDelegate.swift */; };
		2BF9B0DE1A35066200414665 /* ViewController.swift in Sources */ = {isa = PBXBuildFile; fileRef = 2BF9B0DD1A35066200414665 /* ViewController.swift */; };
		2BF9B0E11A35066200414665 /* Main.storyboard in Resources */ = {isa = PBXBuildFile; fileRef = 2BF9B0DF1A35066200414665 /* Main.storyboard */; };
		2BF9B0E31A35066200414665 /* Images.xcassets in Resources */ = {isa = PBXBuildFile; fileRef = 2BF9B0E21A35066200414665 /* Images.xcassets */; };
		2BF9B0E61A35066200414665 /* LaunchScreen.xib in Resources */ = {isa = PBXBuildFile; fileRef = 2BF9B0E41A35066200414665 /* LaunchScreen.xib */; };
		2BF9B0F21A35066200414665 /* MovingBoxesTests.swift in Sources */ = {isa = PBXBuildFile; fileRef = 2BF9B0F11A35066200414665 /* MovingBoxesTests.swift */; };
/* End PBXBuildFile section */

/* Begin PBXContainerItemProxy section */
		2BF9B0EC1A35066200414665 /* PBXContainerItemProxy */ = {
			isa = PBXContainerItemProxy;
			containerPortal = 2BF9B0CE1A35066200414665 /* Project object */;
			proxyType = 1;
			remoteGlobalIDString = 2BF9B0D51A35066200414665;
			remoteInfo = MovingBoxes;
		};
/* End PBXContainerItemProxy section */

/* Begin PBXFileReference section */
		2BF9B0D61A35066200414665 /* MovingBoxes.app */ = {isa = PBXFileReference; explicitFileType = wrapper.application; includeInIndex = 0; path = MovingBoxes.app; sourceTree = BUILT_PRODUCTS_DIR; };
		2BF9B0DA1A35066200414665 /* Info.plist */ = {isa = PBXFileReference; lastKnownFileType = text.plist.xml; path = Info.plist; sourceTree = "<group>"; };
		2BF9B0DB1A35066200414665 /* AppDelegate.swift */ = {isa = PBXFileReference; lastKnownFileType = sourcecode.swift; path = AppDelegate.swift; sourceTree = "<group>"; };
		2BF9B0DD1A35066200414665 /* ViewController.swift */ = {isa = PBXFileReference; lastKnownFileType = sourcecode.swift; path = ViewController.swift; sourceTree = "<group>"; };
		2BF9B0E01A35066200414665 /* Base */ = {isa = PBXFileReference; lastKnownFileType = file.storyboard; name = Base; path = Base.lproj/Main.storyboard; sourceTree = "<group>"; };
		2BF9B0E21A35066200414665 /* Images.xcassets */ = {isa = PBXFileReference; lastKnownFileType = folder.assetcatalog; path = Images.xcassets; sourceTree = "<group>"; };
		2BF9B0E51A35066200414665 /* Base */ = {isa = PBXFileReference; lastKnownFileType = file.xib; name = Base; path = Base.lproj/LaunchScreen.xib; sourceTree = "<group>"; };
		2BF9B0EB1A35066200414665 /* MovingBoxesTests.xctest */ = {isa = PBXFileReference; explicitFileType = wrapper.cfbundle; includeInIndex = 0; path = MovingBoxesTests.xctest; sourceTree = BUILT_PRODUCTS_DIR; };
		2BF9B0F01A35066200414665 /* Info.plist */ = {isa = PBXFileReference; lastKnownFileType = text.plist.xml; path = Info.plist; sourceTree = "<group>"; };
		2BF9B0F11A35066200414665 /* MovingBoxesTests.swift */ = {isa = PBXFileReference; lastKnownFileType = sourcecode.swift; path = MovingBoxesTests.swift; sourceTree = "<group>"; };
/* End PBXFileReference section */

/* Begin PBXFrameworksBuildPhase section */
		2BF9B0D31A35066200414665 /* Frameworks */ = {
			isa = PBXFrameworksBuildPhase;
			buildActionMask = 2147483647;
			files = (
			);
			runOnlyForDeploymentPostprocessing = 0;
		};
		2BF9B0E81A35066200414665 /* Frameworks */ = {
			isa = PBXFrameworksBuildPhase;
			buildActionMask = 2147483647;
			files = (
			);
			runOnlyForDeploymentPostprocessing = 0;
		};
/* End PBXFrameworksBuildPhase section */

/* Begin PBXGroup section */
		2BF9B0CD1A35066200414665 = {
			isa = PBXGroup;
			children = (
				2BF9B0D81A35066200414665 /* MovingBoxes */,
				2BF9B0EE1A35066200414665 /* MovingBoxesTests */,
				2BF9B0D71A35066200414665 /* Products */,
			);
			sourceTree = "<group>";
		};
		2BF9B0D71A35066200414665 /* Products */ = {
			isa = PBXGroup;
			children = (
				2BF9B0D61A35066200414665 /* MovingBoxes.app */,
				2BF9B0EB1A35066200414665 /* MovingBoxesTests.xctest */,
			);
			name = Products;
			sourceTree = "<group>";
		};
		2BF9B0D81A35066200414665 /* MovingBoxes */ = {
			isa = PBXGroup;
			children = (
				2BF9B0DB1A35066200414665 /* AppDelegate.swift */,
				2BF9B0DD1A35066200414665 /* ViewController.swift */,
				2BF9B0DF1A35066200414665 /* Main.storyboard */,
				2BF9B0E21A35066200414665 /* Images.xcassets */,
				2BF9B0E41A35066200414665 /* LaunchScreen.xib */,
				2BF9B0D91A35066200414665 /* Supporting Files */,
			);
			path = MovingBoxes;
			sourceTree = "<group>";
		};
		2BF9B0D91A35066200414665 /* Supporting Files */ = {
			isa = PBXGroup;
			children = (
				2BF9B0DA1A35066200414665 /* Info.plist */,
			);
			name = "Supporting Files";
			sourceTree = "<group>";
		};
		2BF9B0EE1A35066200414665 /* MovingBoxesTests */ = {
			isa = PBXGroup;
			children = (
				2BF9B0F11A35066200414665 /* MovingBoxesTests.swift */,
				2BF9B0EF1A35066200414665 /* Supporting Files */,
			);
			path = MovingBoxesTests;
			sourceTree = "<group>";
		};
		2BF9B0EF1A35066200414665 /* Supporting Files */ = {
			isa = PBXGroup;
			children = (
				2BF9B0F01A35066200414665 /* Info.plist */,
			);
			name = "Supporting Files";
			sourceTree = "<group>";
		};
/* End PBXGroup section */

/* Begin PBXNativeTarget section */
		2BF9B0D51A35066200414665 /* MovingBoxes */ = {
			isa = PBXNativeTarget;
			buildConfigurationList = 2BF9B0F51A35066200414665 /* Build configuration list for PBXNativeTarget "MovingBoxes" */;
			buildPhases = (
				2BF9B0D21A35066200414665 /* Sources */,
				2BF9B0D31A35066200414665 /* Frameworks */,
				2BF9B0D41A35066200414665 /* Resources */,
			);
			buildRules = (
			);
			dependencies = (
			);
			name = MovingBoxes;
			productName = MovingBoxes;
			productReference = 2BF9B0D61A35066200414665 /* MovingBoxes.app */;
			productType = "com.apple.product-type.application";
		};
		2BF9B0EA1A35066200414665 /* MovingBoxesTests */ = {
			isa = PBXNativeTarget;
			buildConfigurationList = 2BF9B0F81A35066200414665 /* Build configuration list for PBXNativeTarget "MovingBoxesTests" */;
			buildPhases = (
				2BF9B0E71A35066200414665 /* Sources */,
				2BF9B0E81A35066200414665 /* Frameworks */,
				2BF9B0E91A35066200414665 /* Resources */,
			);
			buildRules = (
			);
			dependencies = (
				2BF9B0ED1A35066200414665 /* PBXTargetDependency */,
			);
			name = MovingBoxesTests;
			productName = MovingBoxesTests;
			productReference = 2BF9B0EB1A35066200414665 /* MovingBoxesTests.xctest */;
			productType = "com.apple.product-type.bundle.unit-test";
		};
/* End PBXNativeTarget section */

/* Begin PBXProject section */
		2BF9B0CE1A35066200414665 /* Project object */ = {
			isa = PBXProject;
			attributes = {
				LastUpgradeCheck = 0610;
				ORGANIZATIONNAME = kj;
				TargetAttributes = {
					2BF9B0D51A35066200414665 = {
						CreatedOnToolsVersion = 6.1.1;
					};
					2BF9B0EA1A35066200414665 = {
						CreatedOnToolsVersion = 6.1.1;
						TestTargetID = 2BF9B0D51A35066200414665;
					};
				};
			};
			buildConfigurationList = 2BF9B0D11A35066200414665 /* Build configuration list for PBXProject "MovingBoxes" */;
			compatibilityVersion = "Xcode 3.2";
			developmentRegion = English;
			hasScannedForEncodings = 0;
			knownRegions = (
				en,
				Base,
			);
			mainGroup = 2BF9B0CD1A35066200414665;
			productRefGroup = 2BF9B0D71A35066200414665 /* Products */;
			projectDirPath = "";
			projectRoot = "";
			targets = (
				2BF9B0D51A35066200414665 /* MovingBoxes */,
				2BF9B0EA1A35066200414665 /* MovingBoxesTests */,
			);
		};
/* End PBXProject section */

/* Begin PBXResourcesBuildPhase section */
		2BF9B0D41A35066200414665 /* Resources */ = {
			isa = PBXResourcesBuildPhase;
			buildActionMask = 2147483647;
			files = (
				2BF9B0E11A35066200414665 /* Main.storyboard in Resources */,
				2BF9B0E61A35066200414665 /* LaunchScreen.xib in Resources */,
				2BF9B0E31A35066200414665 /* Images.xcassets in Resources */,
			);
			runOnlyForDeploymentPostprocessing = 0;
		};
		2BF9B0E91A35066200414665 /* Resources */ = {
			isa = PBXResourcesBuildPhase;
			buildActionMask = 2147483647;
			files = (
			);
			runOnlyForDeploymentPostprocessing = 0;
		};
/* End PBXResourcesBuildPhase section */

/* Begin PBXSourcesBuildPhase section */
		2BF9B0D21A35066200414665 /* Sources */ = {
			isa = PBXSourcesBuildPhase;
			buildActionMask = 2147483647;
			files = (
				2BF9B0DE1A35066200414665 /* ViewController.swift in Sources */,
				2BF9B0DC1A35066200414665 /* AppDelegate.swift in Sources */,
			);
			runOnlyForDeploymentPostprocessing = 0;
		};
		2BF9B0E71A35066200414665 /* Sources */ = {
			isa = PBXSourcesBuildPhase;
			buildActionMask = 2147483647;
			files = (
				2BF9B0F21A35066200414665 /* MovingBoxesTests.swift in Sources */,
			);
			runOnlyForDeploymentPostprocessing = 0;
		};
/* End PBXSourcesBuildPhase section */

/* Begin PBXTargetDependency section */
		2BF9B0ED1A35066200414665 /* PBXTargetDependency */ = {
			isa = PBXTargetDependency;
			target = 2BF9B0D51A35066200414665 /* MovingBoxes */;
			targetProxy = 2BF9B0EC1A35066200414665 /* PBXContainerItemProxy */;
		};
/* End PBXTargetDependency section */

/* Begin PBXVariantGroup section */
		2BF9B0DF1A35066200414665 /* Main.storyboard */ = {
			isa = PBXVariantGroup;
			children = (
				2BF9B0E01A35066200414665 /* Base */,
			);
			name = Main.storyboard;
			sourceTree = "<group>";
		};
		2BF9B0E41A35066200414665 /* LaunchScreen.xib */ = {
			isa = PBXVariantGroup;
			children = (
				2BF9B0E51A35066200414665 /* Base */,
			);
			name = LaunchScreen.xib;
			sourceTree = "<group>";
		};
/* End PBXVariantGroup section */

/* Begin XCBuildConfiguration section */
		2BF9B0F31A35066200414665 /* Debug */ = {
			isa = XCBuildConfiguration;
			buildSettings = {
				ALWAYS_SEARCH_USER_PATHS = NO;
				CLANG_CXX_LANGUAGE_STANDARD = "gnu++0x";
				CLANG_CXX_LIBRARY = "libc++";
				CLANG_ENABLE_MODULES = YES;
				CLANG_ENABLE_OBJC_ARC = YES;
				CLANG_WARN_BOOL_CONVERSION = YES;
				CLANG_WARN_CONSTANT_CONVERSION = YES;
				CLANG_WARN_DIRECT_OBJC_ISA_USAGE = YES_ERROR;
				CLANG_WARN_EMPTY_BODY = YES;
				CLANG_WARN_ENUM_CONVERSION = YES;
				CLANG_WARN_INT_CONVERSION = YES;
				CLANG_WARN_OBJC_ROOT_CLASS = YES_ERROR;
				CLANG_WARN_UNREACHABLE_CODE = YES;
				CLANG_WARN__DUPLICATE_METHOD_MATCH = YES;
				"CODE_SIGN_IDENTITY[sdk=iphoneos*]" = "iPhone Developer";
				COPY_PHASE_STRIP = NO;
				ENABLE_STRICT_OBJC_MSGSEND = YES;
				GCC_C_LANGUAGE_STANDARD = gnu99;
				GCC_DYNAMIC_NO_PIC = NO;
				GCC_OPTIMIZATION_LEVEL = 0;
				GCC_PREPROCESSOR_DEFINITIONS = (
					"DEBUG=1",
					"$(inherited)",
				);
				GCC_SYMBOLS_PRIVATE_EXTERN = NO;
				GCC_WARN_64_TO_32_BIT_CONVERSION = YES;
				GCC_WARN_ABOUT_RETURN_TYPE = YES_ERROR;
				GCC_WARN_UNDECLARED_SELECTOR = YES;
				GCC_WARN_UNINITIALIZED_AUTOS = YES_AGGRESSIVE;
				GCC_WARN_UNUSED_FUNCTION = YES;
				GCC_WARN_UNUSED_VARIABLE = YES;
				IPHONEOS_DEPLOYMENT_TARGET = 8.1;
				MTL_ENABLE_DEBUG_INFO = YES;
				ONLY_ACTIVE_ARCH = YES;
				SDKROOT = iphoneos;
				SWIFT_OPTIMIZATION_LEVEL = "-Onone";
			};
			name = Debug;
		};
		2BF9B0F41A35066200414665 /* Release */ = {
			isa = XCBuildConfiguration;
			buildSettings = {
				ALWAYS_SEARCH_USER_PATHS = NO;
				CLANG_CXX_LANGUAGE_STANDARD = "gnu++0x";
				CLANG_CXX_LIBRARY = "libc++";
				CLANG_ENABLE_MODULES = YES;
				CLANG_ENABLE_OBJC_ARC = YES;
				CLANG_WARN_BOOL_CONVERSION = YES;
				CLANG_WARN_CONSTANT_CONVERSION = YES;
				CLANG_WARN_DIRECT_OBJC_ISA_USAGE = YES_ERROR;
				CLANG_WARN_EMPTY_BODY = YES;
				CLANG_WARN_ENUM_CONVERSION = YES;
				CLANG_WARN_INT_CONVERSION = YES;
				CLANG_WARN_OBJC_ROOT_CLASS = YES_ERROR;
				CLANG_WARN_UNREACHABLE_CODE = YES;
				CLANG_WARN__DUPLICATE_METHOD_MATCH = YES;
				"CODE_SIGN_IDENTITY[sdk=iphoneos*]" = "iPhone Developer";
				COPY_PHASE_STRIP = YES;
				ENABLE_NS_ASSERTIONS = NO;
				ENABLE_STRICT_OBJC_MSGSEND = YES;
				GCC_C_LANGUAGE_STANDARD = gnu99;
				GCC_WARN_64_TO_32_BIT_CONVERSION = YES;
				GCC_WARN_ABOUT_RETURN_TYPE = YES_ERROR;
				GCC_WARN_UNDECLARED_SELECTOR = YES;
				GCC_WARN_UNINITIALIZED_AUTOS = YES_AGGRESSIVE;
				GCC_WARN_UNUSED_FUNCTION = YES;
				GCC_WARN_UNUSED_VARIABLE = YES;
				IPHONEOS_DEPLOYMENT_TARGET = 8.1;
				MTL_ENABLE_DEBUG_INFO = NO;
				SDKROOT = iphoneos;
				VALIDATE_PRODUCT = YES;
			};
			name = Release;
		};
		2BF9B0F61A35066200414665 /* Debug */ = {
			isa = XCBuildConfiguration;
			buildSettings = {
				ASSETCATALOG_COMPILER_APPICON_NAME = AppIcon;
				INFOPLIST_FILE = MovingBoxes/Info.plist;
				LD_RUNPATH_SEARCH_PATHS = "$(inherited) @executable_path/Frameworks";
				PRODUCT_NAME = "$(TARGET_NAME)";
			};
			name = Debug;
		};
		2BF9B0F71A35066200414665 /* Release */ = {
			isa = XCBuildConfiguration;
			buildSettings = {
				ASSETCATALOG_COMPILER_APPICON_NAME = AppIcon;
				INFOPLIST_FILE = MovingBoxes/Info.plist;
				LD_RUNPATH_SEARCH_PATHS = "$(inherited) @executable_path/Frameworks";
				PRODUCT_NAME = "$(TARGET_NAME)";
			};
			name = Release;
		};
		2BF9B0F91A35066200414665 /* Debug */ = {
			isa = XCBuildConfiguration;
			buildSettings = {
				BUNDLE_LOADER = "$(TEST_HOST)";
				FRAMEWORK_SEARCH_PATHS = (
					"$(SDKROOT)/Developer/Library/Frameworks",
					"$(inherited)",
				);
				GCC_PREPROCESSOR_DEFINITIONS = (
					"DEBUG=1",
					"$(inherited)",
				);
				INFOPLIST_FILE = MovingBoxesTests/Info.plist;
				LD_RUNPATH_SEARCH_PATHS = "$(inherited) @executable_path/Frameworks @loader_path/Frameworks";
				PRODUCT_NAME = "$(TARGET_NAME)";
				TEST_HOST = "$(BUILT_PRODUCTS_DIR)/MovingBoxes.app/MovingBoxes";
			};
			name = Debug;
		};
		2BF9B0FA1A35066200414665 /* Release */ = {
			isa = XCBuildConfiguration;
			buildSettings = {
				BUNDLE_LOADER = "$(TEST_HOST)";
				FRAMEWORK_SEARCH_PATHS = (
					"$(SDKROOT)/Developer/Library/Frameworks",
					"$(inherited)",
				);
				INFOPLIST_FILE = MovingBoxesTests/Info.plist;
				LD_RUNPATH_SEARCH_PATHS = "$(inherited) @executable_path/Frameworks @loader_path/Frameworks";
				PRODUCT_NAME = "$(TARGET_NAME)";
				TEST_HOST = "$(BUILT_PRODUCTS_DIR)/MovingBoxes.app/MovingBoxes";
			};
			name = Release;
		};
/* End XCBuildConfiguration section */

/* Begin XCConfigurationList section */
		2BF9B0D11A35066200414665 /* Build configuration list for PBXProject "MovingBoxes" */ = {
			isa = XCConfigurationList;
			buildConfigurations = (
				2BF9B0F31A35066200414665 /* Debug */,
				2BF9B0F41A35066200414665 /* Release */,
			);
			defaultConfigurationIsVisible = 0;
			defaultConfigurationName = Release;
		};
		2BF9B0F51A35066200414665 /* Build configuration list for PBXNativeTarget "MovingBoxes" */ = {
			isa = XCConfigurationList;
			buildConfigurations = (
				2BF9B0F61A35066200414665 /* Debug */,
				2BF9B0F71A35066200414665 /* Release */,
			);
			defaultConfigurationIsVisible = 0;
		};
		2BF9B0F81A35066200414665 /* Build configuration list for PBXNativeTarget "MovingBoxesTests" */ = {
			isa = XCConfigurationList;
			buildConfigurations = (
				2BF9B0F91A35066200414665 /* Debug */,
				2BF9B0FA1A35066200414665 /* Release */,
			);
			defaultConfigurationIsVisible = 0;
		};
/* End XCConfigurationList section */
	};
	rootObject = 2BF9B0CE1A35066200414665 /* Project object */;
}
